PODS:
  - Flutter (1.0.0)
  - flutter_lamp (0.0.1):
    - Flutter

DEPENDENCIES:
  - Flutter (from `Flutter`)
  - flutter_lamp (from `.symlinks/plugins/flutter_lamp/ios`)

EXTERNAL SOURCES:
  Flutter:
    :path: Flutter
  flutter_lamp:
    :path: ".symlinks/plugins/flutter_lamp/ios"

SPEC CHECKSUMS:
  Flutter: f04841e97a9d0b0a8025694d0796dd46242b2854
  flutter_lamp: 2fc4b6aa9ef3b406f009f303ea7ac160e1d70886

PODFILE CHECKSUM: 7368163408c647b7eb699d0d788ba6718e18fb8d

COCOAPODS: 1.11.3
